
Microsoft Visual Studio Solution File, Format Version 12.00
# Visual Studio 15
VisualStudioVersion = 15.0.27703.2042
MinimumVisualStudioVersion = 10.0.40219.1
Project("{FAE04EC0-301F-11D3-BF4B-00C04F79EFBC}") = "NativeQRForms", "NativeQRForms\NativeQRForms\NativeQRForms.csproj", "{0FC70331-E5BF-46B5-9049-A3FB125D45D5}"
EndProject
Project("{FAE04EC0-301F-11D3-BF4B-00C04F79EFBC}") = "NativeQRForms.Android", "NativeQRForms\NativeQRForms.Android\NativeQRForms.Android.csproj", "{A94DB933-7C70-46DE-8DD8-1FB2DBF877EA}"
EndProject
Project("{FAE04EC0-301F-11D3-BF4B-00C04F79EFBC}") = "NativeQRForms.iOS", "NativeQRForms\NativeQRForms.iOS\NativeQRForms.iOS.csproj", "{ED3293D6-3E30-423A-ABE7-9BC91F517C59}"
EndProject
Project("{FAE04EC0-301F-11D3-BF4B-00C04F79EFBC}") = "NativeQRForms.UWP", "NativeQRForms\NativeQRForms.UWP\NativeQRForms.UWP.csproj", "{9B3989B8-DC95-4E72-86B0-ECF72E4B8EA9}"
EndProject
Global
	GlobalSection(SolutionConfigurationPlatforms) = preSolution
		Ad-Hoc|Any CPU = Ad-Hoc|Any CPU
		Ad-Hoc|ARM = Ad-Hoc|ARM
		Ad-Hoc|iPhone = Ad-Hoc|iPhone
		Ad-Hoc|iPhoneSimulator = Ad-Hoc|iPhoneSimulator
		Ad-Hoc|x64 = Ad-Hoc|x64
		Ad-Hoc|x86 = Ad-Hoc|x86
		AppStore|Any CPU = AppStore|Any CPU
		AppStore|ARM = AppStore|ARM
		AppStore|iPhone = AppStore|iPhone
		AppStore|iPhoneSimulator = AppStore|iPhoneSimulator
		AppStore|x64 = AppStore|x64
		AppStore|x86 = AppStore|x86
		Debug|Any CPU = Debug|Any CPU
		Debug|ARM = Debug|ARM
		Debug|iPhone = Debug|iPhone
		Debug|iPhoneSimulator = Debug|iPhoneSimulator
		Debug|x64 = Debug|x64
		Debug|x86 = Debug|x86
		Release|Any CPU = Release|Any CPU
		Release|ARM = Release|ARM
		Release|iPhone = Release|iPhone
		Release|iPhoneSimulator = Release|iPhoneSimulator
		Release|x64 = Release|x64
		Release|x86 = Release|x86
	EndGlobalSection
	GlobalSection(ProjectConfigurationPlatforms) = postSolution
		{0FC70331-E5BF-46B5-9049-A3FB125D45D5}.Ad-Hoc|Any CPU.ActiveCfg = Debug|Any CPU
		{0FC70331-E5BF-46B5-9049-A3FB125D45D5}.Ad-Hoc|Any CPU.Build.0 = Debug|Any CPU
		{0FC70331-E5BF-46B5-9049-A3FB125D45D5}.Ad-Hoc|ARM.ActiveCfg = Debug|Any CPU
		{0FC70331-E5BF-46B5-9049-A3FB125D45D5}.Ad-Hoc|ARM.Build.0 = Debug|Any CPU
		{0FC70331-E5BF-46B5-9049-A3FB125D45D5}.Ad-Hoc|iPhone.ActiveCfg = Debug|Any CPU
		{0FC70331-E5BF-46B5-9049-A3FB125D45D5}.Ad-Hoc|iPhone.Build.0 = Debug|Any CPU
		{0FC70331-E5BF-46B5-9049-A3FB125D45D5}.Ad-Hoc|iPhoneSimulator.ActiveCfg = Debug|Any CPU
		{0FC70331-E5BF-46B5-9049-A3FB125D45D5}.Ad-Hoc|iPhoneSimulator.Build.0 = Debug|Any CPU
		{0FC70331-E5BF-46B5-9049-A3FB125D45D5}.Ad-Hoc|x64.ActiveCfg = Debug|Any CPU
		{0FC70331-E5BF-46B5-9049-A3FB125D45D5}.Ad-Hoc|x64.Build.0 = Debug|Any CPU
		{0FC70331-E5BF-46B5-9049-A3FB125D45D5}.Ad-Hoc|x86.ActiveCfg = Debug|Any CPU
		{0FC70331-E5BF-46B5-9049-A3FB125D45D5}.Ad-Hoc|x86.Build.0 = Debug|Any CPU
		{0FC70331-E5BF-46B5-9049-A3FB125D45D5}.AppStore|Any CPU.ActiveCfg = Debug|Any CPU
		{0FC70331-E5BF-46B5-9049-A3FB125D45D5}.AppStore|Any CPU.Build.0 = Debug|Any CPU
		{0FC70331-E5BF-46B5-9049-A3FB125D45D5}.AppStore|ARM.ActiveCfg = Debug|Any CPU
		{0FC70331-E5BF-46B5-9049-A3FB125D45D5}.AppStore|ARM.Build.0 = Debug|Any CPU
		{0FC70331-E5BF-46B5-9049-A3FB125D45D5}.AppStore|iPhone.ActiveCfg = Debug|Any CPU
		{0FC70331-E5BF-46B5-9049-A3FB125D45D5}.AppStore|iPhone.Build.0 = Debug|Any CPU
		{0FC70331-E5BF-46B5-9049-A3FB125D45D5}.AppStore|iPhoneSimulator.ActiveCfg = Debug|Any CPU
		{0FC70331-E5BF-46B5-9049-A3FB125D45D5}.AppStore|iPhoneSimulator.Build.0 = Debug|Any CPU
		{0FC70331-E5BF-46B5-9049-A3FB125D45D5}.AppStore|x64.ActiveCfg = Debug|Any CPU
		{0FC70331-E5BF-46B5-9049-A3FB125D45D5}.AppStore|x64.Build.0 = Debug|Any CPU
		{0FC70331-E5BF-46B5-9049-A3FB125D45D5}.AppStore|x86.ActiveCfg = Debug|Any CPU
		{0FC70331-E5BF-46B5-9049-A3FB125D45D5}.AppStore|x86.Build.0 = Debug|Any CPU
		{0FC70331-E5BF-46B5-9049-A3FB125D45D5}.Debug|Any CPU.ActiveCfg = Debug|Any CPU
		{0FC70331-E5BF-46B5-9049-A3FB125D45D5}.Debug|Any CPU.Build.0 = Debug|Any CPU
		{0FC70331-E5BF-46B5-9049-A3FB125D45D5}.Debug|ARM.ActiveCfg = Debug|Any CPU
		{0FC70331-E5BF-46B5-9049-A3FB125D45D5}.Debug|ARM.Build.0 = Debug|Any CPU
		{0FC70331-E5BF-46B5-9049-A3FB125D45D5}.Debug|iPhone.ActiveCfg = Debug|Any CPU
		{0FC70331-E5BF-46B5-9049-A3FB125D45D5}.Debug|iPhone.Build.0 = Debug|Any CPU
		{0FC70331-E5BF-46B5-9049-A3FB125D45D5}.Debug|iPhoneSimulator.ActiveCfg = Debug|Any CPU
		{0FC70331-E5BF-46B5-9049-A3FB125D45D5}.Debug|iPhoneSimulator.Build.0 = Debug|Any CPU
		{0FC70331-E5BF-46B5-9049-A3FB125D45D5}.Debug|x64.ActiveCfg = Debug|Any CPU
		{0FC70331-E5BF-46B5-9049-A3FB125D45D5}.Debug|x64.Build.0 = Debug|Any CPU
		{0FC70331-E5BF-46B5-9049-A3FB125D45D5}.Debug|x86.ActiveCfg = Debug|Any CPU
		{0FC70331-E5BF-46B5-9049-A3FB125D45D5}.Debug|x86.Build.0 = Debug|Any CPU
		{0FC70331-E5BF-46B5-9049-A3FB125D45D5}.Release|Any CPU.ActiveCfg = Release|Any CPU
		{0FC70331-E5BF-46B5-9049-A3FB125D45D5}.Release|Any CPU.Build.0 = Release|Any CPU
		{0FC70331-E5BF-46B5-9049-A3FB125D45D5}.Release|ARM.ActiveCfg = Release|Any CPU
		{0FC70331-E5BF-46B5-9049-A3FB125D45D5}.Release|ARM.Build.0 = Release|Any CPU
		{0FC70331-E5BF-46B5-9049-A3FB125D45D5}.Release|iPhone.ActiveCfg = Release|Any CPU
		{0FC70331-E5BF-46B5-9049-A3FB125D45D5}.Release|iPhone.Build.0 = Release|Any CPU
		{0FC70331-E5BF-46B5-9049-A3FB125D45D5}.Release|iPhoneSimulator.ActiveCfg = Release|Any CPU
		{0FC70331-E5BF-46B5-9049-A3FB125D45D5}.Release|iPhoneSimulator.Build.0 = Release|Any CPU
		{0FC70331-E5BF-46B5-9049-A3FB125D45D5}.Release|x64.ActiveCfg = Release|Any CPU
		{0FC70331-E5BF-46B5-9049-A3FB125D45D5}.Release|x64.Build.0 = Release|Any CPU
		{0FC70331-E5BF-46B5-9049-A3FB125D45D5}.Release|x86.ActiveCfg = Release|Any CPU
		{0FC70331-E5BF-46B5-9049-A3FB125D45D5}.Release|x86.Build.0 = Release|Any CPU
		{A94DB933-7C70-46DE-8DD8-1FB2DBF877EA}.Ad-Hoc|Any CPU.ActiveCfg = Release|Any CPU
		{A94DB933-7C70-46DE-8DD8-1FB2DBF877EA}.Ad-Hoc|Any CPU.Build.0 = Release|Any CPU
		{A94DB933-7C70-46DE-8DD8-1FB2DBF877EA}.Ad-Hoc|Any CPU.Deploy.0 = Release|Any CPU
		{A94DB933-7C70-46DE-8DD8-1FB2DBF877EA}.Ad-Hoc|ARM.ActiveCfg = Release|Any CPU
		{A94DB933-7C70-46DE-8DD8-1FB2DBF877EA}.Ad-Hoc|ARM.Build.0 = Release|Any CPU
		{A94DB933-7C70-46DE-8DD8-1FB2DBF877EA}.Ad-Hoc|ARM.Deploy.0 = Release|Any CPU
		{A94DB933-7C70-46DE-8DD8-1FB2DBF877EA}.Ad-Hoc|iPhone.ActiveCfg = Release|Any CPU
		{A94DB933-7C70-46DE-8DD8-1FB2DBF877EA}.Ad-Hoc|iPhone.Build.0 = Release|Any CPU
		{A94DB933-7C70-46DE-8DD8-1FB2DBF877EA}.Ad-Hoc|iPhone.Deploy.0 = Release|Any CPU
		{A94DB933-7C70-46DE-8DD8-1FB2DBF877EA}.Ad-Hoc|iPhoneSimulator.ActiveCfg = Release|Any CPU
		{A94DB933-7C70-46DE-8DD8-1FB2DBF877EA}.Ad-Hoc|iPhoneSimulator.Build.0 = Release|Any CPU
		{A94DB933-7C70-46DE-8DD8-1FB2DBF877EA}.Ad-Hoc|iPhoneSimulator.Deploy.0 = Release|Any CPU
		{A94DB933-7C70-46DE-8DD8-1FB2DBF877EA}.Ad-Hoc|x64.ActiveCfg = Release|Any CPU
		{A94DB933-7C70-46DE-8DD8-1FB2DBF877EA}.Ad-Hoc|x64.Build.0 = Release|Any CPU
		{A94DB933-7C70-46DE-8DD8-1FB2DBF877EA}.Ad-Hoc|x64.Deploy.0 = Release|Any CPU
		{A94DB933-7C70-46DE-8DD8-1FB2DBF877EA}.Ad-Hoc|x86.ActiveCfg = Release|Any CPU
		{A94DB933-7C70-46DE-8DD8-1FB2DBF877EA}.Ad-Hoc|x86.Build.0 = Release|Any CPU
		{A94DB933-7C70-46DE-8DD8-1FB2DBF877EA}.Ad-Hoc|x86.Deploy.0 = Release|Any CPU
		{A94DB933-7C70-46DE-8DD8-1FB2DBF877EA}.AppStore|Any CPU.ActiveCfg = Release|Any CPU
		{A94DB933-7C70-46DE-8DD8-1FB2DBF877EA}.AppStore|Any CPU.Build.0 = Release|Any CPU
		{A94DB933-7C70-46DE-8DD8-1FB2DBF877EA}.AppStore|Any CPU.Deploy.0 = Release|Any CPU
		{A94DB933-7C70-46DE-8DD8-1FB2DBF877EA}.AppStore|ARM.ActiveCfg = Release|Any CPU
		{A94DB933-7C70-46DE-8DD8-1FB2DBF877EA}.AppStore|ARM.Build.0 = Release|Any CPU
		{A94DB933-7C70-46DE-8DD8-1FB2DBF877EA}.AppStore|ARM.Deploy.0 = Release|Any CPU
		{A94DB933-7C70-46DE-8DD8-1FB2DBF877EA}.AppStore|iPhone.ActiveCfg = Release|Any CPU
		{A94DB933-7C70-46DE-8DD8-1FB2DBF877EA}.AppStore|iPhone.Build.0 = Release|Any CPU
		{A94DB933-7C70-46DE-8DD8-1FB2DBF877EA}.AppStore|iPhone.Deploy.0 = Release|Any CPU
		{A94DB933-7C70-46DE-8DD8-1FB2DBF877EA}.AppStore|iPhoneSimulator.ActiveCfg = Release|Any CPU
		{A94DB933-7C70-46DE-8DD8-1FB2DBF877EA}.AppStore|iPhoneSimulator.Build.0 = Release|Any CPU
		{A94DB933-7C70-46DE-8DD8-1FB2DBF877EA}.AppStore|iPhoneSimulator.Deploy.0 = Release|Any CPU
		{A94DB933-7C70-46DE-8DD8-1FB2DBF877EA}.AppStore|x64.ActiveCfg = Release|Any CPU
		{A94DB933-7C70-46DE-8DD8-1FB2DBF877EA}.AppStore|x64.Build.0 = Release|Any CPU
		{A94DB933-7C70-46DE-8DD8-1FB2DBF877EA}.AppStore|x64.Deploy.0 = Release|Any CPU
		{A94DB933-7C70-46DE-8DD8-1FB2DBF877EA}.AppStore|x86.ActiveCfg = Release|Any CPU
		{A94DB933-7C70-46DE-8DD8-1FB2DBF877EA}.AppStore|x86.Build.0 = Release|Any CPU
		{A94DB933-7C70-46DE-8DD8-1FB2DBF877EA}.AppStore|x86.Deploy.0 = Release|Any CPU
		{A94DB933-7C70-46DE-8DD8-1FB2DBF877EA}.Debug|Any CPU.ActiveCfg = Debug|Any CPU
		{A94DB933-7C70-46DE-8DD8-1FB2DBF877EA}.Debug|Any CPU.Build.0 = Debug|Any CPU
		{A94DB933-7C70-46DE-8DD8-1FB2DBF877EA}.Debug|Any CPU.Deploy.0 = Debug|Any CPU
		{A94DB933-7C70-46DE-8DD8-1FB2DBF877EA}.Debug|ARM.ActiveCfg = Debug|Any CPU
		{A94DB933-7C70-46DE-8DD8-1FB2DBF877EA}.Debug|ARM.Build.0 = Debug|Any CPU
		{A94DB933-7C70-46DE-8DD8-1FB2DBF877EA}.Debug|ARM.Deploy.0 = Debug|Any CPU
		{A94DB933-7C70-46DE-8DD8-1FB2DBF877EA}.Debug|iPhone.ActiveCfg = Debug|Any CPU
		{A94DB933-7C70-46DE-8DD8-1FB2DBF877EA}.Debug|iPhone.Build.0 = Debug|Any CPU
		{A94DB933-7C70-46DE-8DD8-1FB2DBF877EA}.Debug|iPhone.Deploy.0 = Debug|Any CPU
		{A94DB933-7C70-46DE-8DD8-1FB2DBF877EA}.Debug|iPhoneSimulator.ActiveCfg = Debug|Any CPU
		{A94DB933-7C70-46DE-8DD8-1FB2DBF877EA}.Debug|iPhoneSimulator.Build.0 = Debug|Any CPU
		{A94DB933-7C70-46DE-8DD8-1FB2DBF877EA}.Debug|iPhoneSimulator.Deploy.0 = Debug|Any CPU
		{A94DB933-7C70-46DE-8DD8-1FB2DBF877EA}.Debug|x64.ActiveCfg = Debug|Any CPU
		{A94DB933-7C70-46DE-8DD8-1FB2DBF877EA}.Debug|x64.Build.0 = Debug|Any CPU
		{A94DB933-7C70-46DE-8DD8-1FB2DBF877EA}.Debug|x64.Deploy.0 = Debug|Any CPU
		{A94DB933-7C70-46DE-8DD8-1FB2DBF877EA}.Debug|x86.ActiveCfg = Debug|Any CPU
		{A94DB933-7C70-46DE-8DD8-1FB2DBF877EA}.Debug|x86.Build.0 = Debug|Any CPU
		{A94DB933-7C70-46DE-8DD8-1FB2DBF877EA}.Debug|x86.Deploy.0 = Debug|Any CPU
		{A94DB933-7C70-46DE-8DD8-1FB2DBF877EA}.Release|Any CPU.ActiveCfg = Release|Any CPU
		{A94DB933-7C70-46DE-8DD8-1FB2DBF877EA}.Release|Any CPU.Build.0 = Release|Any CPU
		{A94DB933-7C70-46DE-8DD8-1FB2DBF877EA}.Release|Any CPU.Deploy.0 = Release|Any CPU
		{A94DB933-7C70-46DE-8DD8-1FB2DBF877EA}.Release|ARM.ActiveCfg = Release|Any CPU
		{A94DB933-7C70-46DE-8DD8-1FB2DBF877EA}.Release|ARM.Build.0 = Release|Any CPU
		{A94DB933-7C70-46DE-8DD8-1FB2DBF877EA}.Release|ARM.Deploy.0 = Release|Any CPU
		{A94DB933-7C70-46DE-8DD8-1FB2DBF877EA}.Release|iPhone.ActiveCfg = Release|Any CPU
		{A94DB933-7C70-46DE-8DD8-1FB2DBF877EA}.Release|iPhone.Build.0 = Release|Any CPU
		{A94DB933-7C70-46DE-8DD8-1FB2DBF877EA}.Release|iPhone.Deploy.0 = Release|Any CPU
		{A94DB933-7C70-46DE-8DD8-1FB2DBF877EA}.Release|iPhoneSimulator.ActiveCfg = Release|Any CPU
		{A94DB933-7C70-46DE-8DD8-1FB2DBF877EA}.Release|iPhoneSimulator.Build.0 = Release|Any CPU
		{A94DB933-7C70-46DE-8DD8-1FB2DBF877EA}.Release|iPhoneSimulator.Deploy.0 = Release|Any CPU
		{A94DB933-7C70-46DE-8DD8-1FB2DBF877EA}.Release|x64.ActiveCfg = Release|Any CPU
		{A94DB933-7C70-46DE-8DD8-1FB2DBF877EA}.Release|x64.Build.0 = Release|Any CPU
		{A94DB933-7C70-46DE-8DD8-1FB2DBF877EA}.Release|x64.Deploy.0 = Release|Any CPU
		{A94DB933-7C70-46DE-8DD8-1FB2DBF877EA}.Release|x86.ActiveCfg = Release|Any CPU
		{A94DB933-7C70-46DE-8DD8-1FB2DBF877EA}.Release|x86.Build.0 = Release|Any CPU
		{A94DB933-7C70-46DE-8DD8-1FB2DBF877EA}.Release|x86.Deploy.0 = Release|Any CPU
		{ED3293D6-3E30-423A-ABE7-9BC91F517C59}.Ad-Hoc|Any CPU.ActiveCfg = Ad-Hoc|iPhone
		{ED3293D6-3E30-423A-ABE7-9BC91F517C59}.Ad-Hoc|ARM.ActiveCfg = Ad-Hoc|iPhone
		{ED3293D6-3E30-423A-ABE7-9BC91F517C59}.Ad-Hoc|iPhone.ActiveCfg = Ad-Hoc|iPhone
		{ED3293D6-3E30-423A-ABE7-9BC91F517C59}.Ad-Hoc|iPhone.Build.0 = Ad-Hoc|iPhone
		{ED3293D6-3E30-423A-ABE7-9BC91F517C59}.Ad-Hoc|iPhoneSimulator.ActiveCfg = Ad-Hoc|iPhoneSimulator
		{ED3293D6-3E30-423A-ABE7-9BC91F517C59}.Ad-Hoc|iPhoneSimulator.Build.0 = Ad-Hoc|iPhoneSimulator
		{ED3293D6-3E30-423A-ABE7-9BC91F517C59}.Ad-Hoc|x64.ActiveCfg = Ad-Hoc|iPhone
		{ED3293D6-3E30-423A-ABE7-9BC91F517C59}.Ad-Hoc|x86.ActiveCfg = Ad-Hoc|iPhone
		{ED3293D6-3E30-423A-ABE7-9BC91F517C59}.AppStore|Any CPU.ActiveCfg = AppStore|iPhone
		{ED3293D6-3E30-423A-ABE7-9BC91F517C59}.AppStore|ARM.ActiveCfg = AppStore|iPhone
		{ED3293D6-3E30-423A-ABE7-9BC91F517C59}.AppStore|iPhone.ActiveCfg = AppStore|iPhone
		{ED3293D6-3E30-423A-ABE7-9BC91F517C59}.AppStore|iPhone.Build.0 = AppStore|iPhone
		{ED3293D6-3E30-423A-ABE7-9BC91F517C59}.AppStore|iPhoneSimulator.ActiveCfg = AppStore|iPhoneSimulator
		{ED3293D6-3E30-423A-ABE7-9BC91F517C59}.AppStore|iPhoneSimulator.Build.0 = AppStore|iPhoneSimulator
		{ED3293D6-3E30-423A-ABE7-9BC91F517C59}.AppStore|x64.ActiveCfg = AppStore|iPhone
		{ED3293D6-3E30-423A-ABE7-9BC91F517C59}.AppStore|x86.ActiveCfg = AppStore|iPhone
		{ED3293D6-3E30-423A-ABE7-9BC91F517C59}.Debug|Any CPU.ActiveCfg = Debug|iPhone
		{ED3293D6-3E30-423A-ABE7-9BC91F517C59}.Debug|ARM.ActiveCfg = Debug|iPhone
		{ED3293D6-3E30-423A-ABE7-9BC91F517C59}.Debug|iPhone.ActiveCfg = Debug|iPhone
		{ED3293D6-3E30-423A-ABE7-9BC91F517C59}.Debug|iPhone.Build.0 = Debug|iPhone
		{ED3293D6-3E30-423A-ABE7-9BC91F517C59}.Debug|iPhoneSimulator.ActiveCfg = Debug|iPhoneSimulator
		{ED3293D6-3E30-423A-ABE7-9BC91F517C59}.Debug|iPhoneSimulator.Build.0 = Debug|iPhoneSimulator
		{ED3293D6-3E30-423A-ABE7-9BC91F517C59}.Debug|x64.ActiveCfg = Debug|iPhone
		{ED3293D6-3E30-423A-ABE7-9BC91F517C59}.Debug|x86.ActiveCfg = Debug|iPhone
		{ED3293D6-3E30-423A-ABE7-9BC91F517C59}.Release|Any CPU.ActiveCfg = Release|iPhone
		{ED3293D6-3E30-423A-ABE7-9BC91F517C59}.Release|ARM.ActiveCfg = Release|iPhone
		{ED3293D6-3E30-423A-ABE7-9BC91F517C59}.Release|iPhone.ActiveCfg = Release|iPhone
		{ED3293D6-3E30-423A-ABE7-9BC91F517C59}.Release|iPhone.Build.0 = Release|iPhone
		{ED3293D6-3E30-423A-ABE7-9BC91F517C59}.Release|iPhoneSimulator.ActiveCfg = Release|iPhoneSimulator
		{ED3293D6-3E30-423A-ABE7-9BC91F517C59}.Release|iPhoneSimulator.Build.0 = Release|iPhoneSimulator
		{ED3293D6-3E30-423A-ABE7-9BC91F517C59}.Release|x64.ActiveCfg = Release|iPhone
		{ED3293D6-3E30-423A-ABE7-9BC91F517C59}.Release|x86.ActiveCfg = Release|iPhone
		{9B3989B8-DC95-4E72-86B0-ECF72E4B8EA9}.Ad-Hoc|Any CPU.ActiveCfg = Release|x86
		{9B3989B8-DC95-4E72-86B0-ECF72E4B8EA9}.Ad-Hoc|Any CPU.Build.0 = Release|x86
		{9B3989B8-DC95-4E72-86B0-ECF72E4B8EA9}.Ad-Hoc|Any CPU.Deploy.0 = Release|x86
		{9B3989B8-DC95-4E72-86B0-ECF72E4B8EA9}.Ad-Hoc|ARM.ActiveCfg = Release|ARM
		{9B3989B8-DC95-4E72-86B0-ECF72E4B8EA9}.Ad-Hoc|ARM.Build.0 = Release|ARM
		{9B3989B8-DC95-4E72-86B0-ECF72E4B8EA9}.Ad-Hoc|ARM.Deploy.0 = Release|ARM
		{9B3989B8-DC95-4E72-86B0-ECF72E4B8EA9}.Ad-Hoc|iPhone.ActiveCfg = Release|x86
		{9B3989B8-DC95-4E72-86B0-ECF72E4B8EA9}.Ad-Hoc|iPhone.Build.0 = Release|x86
		{9B3989B8-DC95-4E72-86B0-ECF72E4B8EA9}.Ad-Hoc|iPhone.Deploy.0 = Release|x86
		{9B3989B8-DC95-4E72-86B0-ECF72E4B8EA9}.Ad-Hoc|iPhoneSimulator.ActiveCfg = Release|x86
		{9B3989B8-DC95-4E72-86B0-ECF72E4B8EA9}.Ad-Hoc|iPhoneSimulator.Build.0 = Release|x86
		{9B3989B8-DC95-4E72-86B0-ECF72E4B8EA9}.Ad-Hoc|iPhoneSimulator.Deploy.0 = Release|x86
		{9B3989B8-DC95-4E72-86B0-ECF72E4B8EA9}.Ad-Hoc|x64.ActiveCfg = Release|x64
		{9B3989B8-DC95-4E72-86B0-ECF72E4B8EA9}.Ad-Hoc|x64.Build.0 = Release|x64
		{9B3989B8-DC95-4E72-86B0-ECF72E4B8EA9}.Ad-Hoc|x64.Deploy.0 = Release|x64
		{9B3989B8-DC95-4E72-86B0-ECF72E4B8EA9}.Ad-Hoc|x86.ActiveCfg = Release|x86
		{9B3989B8-DC95-4E72-86B0-ECF72E4B8EA9}.Ad-Hoc|x86.Build.0 = Release|x86
		{9B3989B8-DC95-4E72-86B0-ECF72E4B8EA9}.Ad-Hoc|x86.Deploy.0 = Release|x86
		{9B3989B8-DC95-4E72-86B0-ECF72E4B8EA9}.AppStore|Any CPU.ActiveCfg = Release|x86
		{9B3989B8-DC95-4E72-86B0-ECF72E4B8EA9}.AppStore|Any CPU.Build.0 = Release|x86
		{9B3989B8-DC95-4E72-86B0-ECF72E4B8EA9}.AppStore|Any CPU.Deploy.0 = Release|x86
		{9B3989B8-DC95-4E72-86B0-ECF72E4B8EA9}.AppStore|ARM.ActiveCfg = Release|ARM
		{9B3989B8-DC95-4E72-86B0-ECF72E4B8EA9}.AppStore|ARM.Build.0 = Release|ARM
		{9B3989B8-DC95-4E72-86B0-ECF72E4B8EA9}.AppStore|ARM.Deploy.0 = Release|ARM
		{9B3989B8-DC95-4E72-86B0-ECF72E4B8EA9}.AppStore|iPhone.ActiveCfg = Release|x86
		{9B3989B8-DC95-4E72-86B0-ECF72E4B8EA9}.AppStore|iPhone.Build.0 = Release|x86
		{9B3989B8-DC95-4E72-86B0-ECF72E4B8EA9}.AppStore|iPhone.Deploy.0 = Release|x86
		{9B3989B8-DC95-4E72-86B0-ECF72E4B8EA9}.AppStore|iPhoneSimulator.ActiveCfg = Release|x86
		{9B3989B8-DC95-4E72-86B0-ECF72E4B8EA9}.AppStore|iPhoneSimulator.Build.0 = Release|x86
		{9B3989B8-DC95-4E72-86B0-ECF72E4B8EA9}.AppStore|iPhoneSimulator.Deploy.0 = Release|x86
		{9B3989B8-DC95-4E72-86B0-ECF72E4B8EA9}.AppStore|x64.ActiveCfg = Release|x64
		{9B3989B8-DC95-4E72-86B0-ECF72E4B8EA9}.AppStore|x64.Build.0 = Release|x64
		{9B3989B8-DC95-4E72-86B0-ECF72E4B8EA9}.AppStore|x64.Deploy.0 = Release|x64
		{9B3989B8-DC95-4E72-86B0-ECF72E4B8EA9}.AppStore|x86.ActiveCfg = Release|x86
		{9B3989B8-DC95-4E72-86B0-ECF72E4B8EA9}.AppStore|x86.Build.0 = Release|x86
		{9B3989B8-DC95-4E72-86B0-ECF72E4B8EA9}.AppStore|x86.Deploy.0 = Release|x86
		{9B3989B8-DC95-4E72-86B0-ECF72E4B8EA9}.Debug|Any CPU.ActiveCfg = Debug|x86
		{9B3989B8-DC95-4E72-86B0-ECF72E4B8EA9}.Debug|ARM.ActiveCfg = Debug|ARM
		{9B3989B8-DC95-4E72-86B0-ECF72E4B8EA9}.Debug|ARM.Build.0 = Debug|ARM
		{9B3989B8-DC95-4E72-86B0-ECF72E4B8EA9}.Debug|ARM.Deploy.0 = Debug|ARM
		{9B3989B8-DC95-4E72-86B0-ECF72E4B8EA9}.Debug|iPhone.ActiveCfg = Debug|x86
		{9B3989B8-DC95-4E72-86B0-ECF72E4B8EA9}.Debug|iPhoneSimulator.ActiveCfg = Debug|x86
		{9B3989B8-DC95-4E72-86B0-ECF72E4B8EA9}.Debug|x64.ActiveCfg = Debug|x64
		{9B3989B8-DC95-4E72-86B0-ECF72E4B8EA9}.Debug|x64.Build.0 = Debug|x64
		{9B3989B8-DC95-4E72-86B0-ECF72E4B8EA9}.Debug|x64.Deploy.0 = Debug|x64
		{9B3989B8-DC95-4E72-86B0-ECF72E4B8EA9}.Debug|x86.ActiveCfg = Debug|x86
		{9B3989B8-DC95-4E72-86B0-ECF72E4B8EA9}.Debug|x86.Build.0 = Debug|x86
		{9B3989B8-DC95-4E72-86B0-ECF72E4B8EA9}.Debug|x86.Deploy.0 = Debug|x86
		{9B3989B8-DC95-4E72-86B0-ECF72E4B8EA9}.Release|Any CPU.ActiveCfg = Release|x86
		{9B3989B8-DC95-4E72-86B0-ECF72E4B8EA9}.Release|ARM.ActiveCfg = Release|ARM
		{9B3989B8-DC95-4E72-86B0-ECF72E4B8EA9}.Release|ARM.Build.0 = Release|ARM
		{9B3989B8-DC95-4E72-86B0-ECF72E4B8EA9}.Release|ARM.Deploy.0 = Release|ARM
		{9B3989B8-DC95-4E72-86B0-ECF72E4B8EA9}.Release|iPhone.ActiveCfg = Release|x86
		{9B3989B8-DC95-4E72-86B0-ECF72E4B8EA9}.Release|iPhoneSimulator.ActiveCfg = Release|x86
		{9B3989B8-DC95-4E72-86B0-ECF72E4B8EA9}.Release|x64.ActiveCfg = Release|x64
		{9B3989B8-DC95-4E72-86B0-ECF72E4B8EA9}.Release|x64.Build.0 = Release|x64
		{9B3989B8-DC95-4E72-86B0-ECF72E4B8EA9}.Release|x64.Deploy.0 = Release|x64
		{9B3989B8-DC95-4E72-86B0-ECF72E4B8EA9}.Release|x86.ActiveCfg = Release|x86
		{9B3989B8-DC95-4E72-86B0-ECF72E4B8EA9}.Release|x86.Build.0 = Release|x86
		{9B3989B8-DC95-4E72-86B0-ECF72E4B8EA9}.Release|x86.Deploy.0 = Release|x86
	EndGlobalSection
	GlobalSection(SolutionProperties) = preSolution
		HideSolutionNode = FALSE
	EndGlobalSection
	GlobalSection(ExtensibilityGlobals) = postSolution
		SolutionGuid = {4E6867B2-D2DD-4BF7-8FF1-43F38AC426F9}
	EndGlobalSection
EndGlobal
